// !$*UTF8*$!
{
	archiveVersion = 1;
	classes = {
	};
	objectVersion = 77;
	objects = {

/* Begin PBXBuildFile section */
		7F00948F2F691AB200E10AEB /* CASCADE_ANIMATION_SUMMARY.md in Resources */ = {isa = PBXBuildFile; fileRef = 7F00948E2F691AB100E10AEB /* CASCADE_ANIMATION_SUMMARY.md */; };
		7F0094912F691C1E00E10AEB /* REVERT_POINT_spawn_in_place.md in Resources */ = {isa = PBXBuildFile; fileRef = 7F0094902F691C1E00E10AEB /* REVERT_POINT_spawn_in_place.md */; };
		7F0094A12F6922CC00E10AEB /* GRAVITY_CASCADE_FIX.md in Resources */ = {isa = PBXBuildFile; fileRef = 7F0094A02F6922CC00E10AEB /* GRAVITY_CASCADE_FIX.md */; };
		7F0094A32F69247F00E10AEB /* GridPosition.swift in Sources */ = {isa = PBXBuildFile; fileRef = 7F0094A22F69247F00E10AEB /* GridPosition.swift */; };
		7F0094A52F6926B200E10AEB /* GameMode.swift in Sources */ = {isa = PBXBuildFile; fileRef = 7F0094A42F6926B200E10AEB /* GameMode.swift */; };
		7F0094A72F6926BE00E10AEB /* ChainInputHandler2.swift in Sources */ = {isa = PBXBuildFile; fileRef = 7F0094A62F6926BE00E10AEB /* ChainInputHandler2.swift */; };
		7F0094D92F6A4D4600E10AEB /* context_cascade.md in Resources */ = {isa = PBXBuildFile; fileRef = 7F0094D82F6A4D4600E10AEB /* context_cascade.md */; };
		7F0094DB2F6A5B1600E10AEB /* ChainVisualConfig.swift in Sources */ = {isa = PBXBuildFile; fileRef = 7F0094DA2F6A5B1600E10AEB /* ChainVisualConfig.swift */; };
		7F0094DD2F6B719400E10AEB /* recreate_gatcha.md in Resources */ = {isa = PBXBuildFile; fileRef = 7F0094DC2F6B717800E10AEB /* recreate_gatcha.md */; };
		7F0094DF2F6B71F200E10AEB /* HAPTICS_INTEGRATION_SUMMARY.md in Resources */ = {isa = PBXBuildFile; fileRef = 7F0094DE2F6B71F200E10AEB /* HAPTICS_INTEGRATION_SUMMARY.md */; };
		7F0094E12F6BA4E200E10AEB /* DeveloperSplashView.swift in Sources */ = {isa = PBXBuildFile; fileRef = 7F0094E02F6BA4E200E10AEB /* DeveloperSplashView.swift */; };
		7F0094E52F6CEDE900E10AEB /* RESPONSIVE_GAMEPLAY_CHANGES.md in Resources */ = {isa = PBXBuildFile; fileRef = 7F0094E42F6CEDE900E10AEB /* RESPONSIVE_GAMEPLAY_CHANGES.md */; };
		7F0094E72F6CF7F400E10AEB /* blocking_nonblocking.md in Resources */ = {isa = PBXBuildFile; fileRef = 7F0094E62F6CF7F400E10AEB /* blocking_nonblocking.md */; };
		7F0094E92F6CF7FA00E10AEB /* chat_transcript.txt in Resources */ = {isa = PBXBuildFile; fileRef = 7F0094E82F6CF7FA00E10AEB /* chat_transcript.txt */; };
		7F0094ED2F6E2B1D00E10AEB /* blocking_nonblocking 2.md in Resources */ = {isa = PBXBuildFile; fileRef = 7F0094EC2F6E2B1D00E10AEB /* blocking_nonblocking 2.md */; };
		7F0094EF2F6E375B00E10AEB /* BonusTileConfig.swift in Sources */ = {isa = PBXBuildFile; fileRef = 7F0094EE2F6E375B00E10AEB /* BonusTileConfig.swift */; };
		7F0094F12F6E384C00E10AEB /* DebugMenuView.swift in Sources */ = {isa = PBXBuildFile; fileRef = 7F0094F02F6E384C00E10AEB /* DebugMenuView.swift */; };
		7F00950F2F6E52C600E10AEB /* BonusBlastEffects.swift in Sources */ = {isa = PBXBuildFile; fileRef = 7F00950E2F6E52C600E10AEB /* BonusBlastEffects.swift */; };
		7F0095112F6E580800E10AEB /* BONUS_BLAST_PNG_SPECS.md in Resources */ = {isa = PBXBuildFile; fileRef = 7F0095102F6E580800E10AEB /* BONUS_BLAST_PNG_SPECS.md */; };
		7F00952B2F6F42A100E10AEB /* SESSION_14_ANIMATION_PRIORITY_TRANSCRIPT.md in Resources */ = {isa = PBXBuildFile; fileRef = 7F00952A2F6F42A100E10AEB /* SESSION_14_ANIMATION_PRIORITY_TRANSCRIPT.md */; };
		7F00952F2F6F47CC00E10AEB /* SESSION_14_QUICK_STATUS.md in Resources */ = {isa = PBXBuildFile; fileRef = 7F00952E2F6F47CC00E10AEB /* SESSION_14_QUICK_STATUS.md */; };
		7F0095312F6F48BC00E10AEB /* SESSION_14_PORTRAIT_FIX_COMPLETE.md in Resources */ = {isa = PBXBuildFile; fileRef = 7F0095302F6F48BC00E10AEB /* SESSION_14_PORTRAIT_FIX_COMPLETE.md */; };
		7F0095352F6F50C100E10AEB /* PORTRAIT_FIX_FINAL_TEST.md in Resources */ = {isa = PBXBuildFile; fileRef = 7F0095342F6F50C100E10AEB /* PORTRAIT_FIX_FINAL_TEST.md */; };
		7F0095372F6F50C500E10AEB /* QUICK_TEST_GUIDE.md in Resources */ = {isa = PBXBuildFile; fileRef = 7F0095362F6F50C500E10AEB /* QUICK_TEST_GUIDE.md */; };
		7F0095392F6F66C500E10AEB /* final_charactersystem_WORKING-ramp.md in Resources */ = {isa = PBXBuildFile; fileRef = 7F0095382F6F66C500E10AEB /* final_charactersystem_WORKING-ramp.md */; };
		7F2E278E2F6289A600FE7B0E /* ChainComboEfffects.swift in Sources */ = {isa = PBXBuildFile; fileRef = 7F2E278D2F6289A600FE7B0E /* ChainComboEfffects.swift */; };
		7F31244F2F7249A200316079 /* POISON_PILL_SYSTEM.md in Resources */ = {isa = PBXBuildFile; fileRef = 7F31244E2F7249A200316079 /* POISON_PILL_SYSTEM.md */; };
		7F3124512F7249C000316079 /* POISON_PILL_COMPLETE.md in Resources */ = {isa = PBXBuildFile; fileRef = 7F3124502F7249C000316079 /* POISON_PILL_COMPLETE.md */; };
		7F3124532F724C1200316079 /* POISON_PILL_CONTEXT_FOR_NEXT_SESSION.md in Resources */ = {isa = PBXBuildFile; fileRef = 7F3124522F724C1200316079 /* POISON_PILL_CONTEXT_FOR_NEXT_SESSION.md */; };
		7F3124552F72513B00316079 /* PoisonPillScreenEffect.swift in Sources */ = {isa = PBXBuildFile; fileRef = 7F3124542F72513B00316079 /* PoisonPillScreenEffect.swift */; };
		7F55742D2F735C9800081E01 /* SESSION_SUMMARY.md in Resources */ = {isa = PBXBuildFile; fileRef = 7F55742C2F735C9800081E01 /* SESSION_SUMMARY.md */; };
		7F55742F2F742F3700081E01 /* SESSION_15_SWIPE_TAP_GESTURE_FIX.md in Resources */ = {isa = PBXBuildFile; fileRef = 7F55742E2F742F3700081E01 /* SESSION_15_SWIPE_TAP_GESTURE_FIX.md */; };
		7F55745B2F74E63C00081E01 /* GAME_PLANNING_TAVERN_TSUM_MATCH.md in Resources */ = {isa = PBXBuildFile; fileRef = 7F55745A2F74E63C00081E01 /* GAME_PLANNING_TAVERN_TSUM_MATCH.md */; };
		7F5574682F77865000081E01 /* CharacterAnimations.swift in Sources */ = {isa = PBXBuildFile; fileRef = 7F55745F2F77865000081E01 /* CharacterAnimations.swift */; };
		7F5574692F77865000081E01 /* Match3ContentView.swift in Sources */ = {isa = PBXBuildFile; fileRef = 7F5574602F77865000081E01 /* Match3ContentView.swift */; };
		7F55746A2F77865000081E01 /* HapticManager.swift in Sources */ = {isa = PBXBuildFile; fileRef = 7F5574612F77865000081E01 /* HapticManager.swift */; };
		7F5574752F785BA700081E01 /* STRUCTURE_CONTEXT.md in Resources */ = {isa = PBXBuildFile; fileRef = 7F5574742F785BA700081E01 /* STRUCTURE_CONTEXT.md */; };
		7F55748B2F7867E500081E01 /* PHYSICS_CHAIN_GAME_COMPLETE.md in Resources */ = {isa = PBXBuildFile; fileRef = 7F55748A2F7867E500081E01 /* PHYSICS_CHAIN_GAME_COMPLETE.md */; };
		7F55748D2F7867EE00081E01 /* QUICK_START_PHYSICS_CHAIN.md in Resources */ = {isa = PBXBuildFile; fileRef = 7F55748C2F7867EE00081E01 /* QUICK_START_PHYSICS_CHAIN.md */; };
		7F55748F2F786B2A00081E01 /* PhysicsTileType.swift in Sources */ = {isa = PBXBuildFile; fileRef = 7F55748E2F786B2A00081E01 /* PhysicsTileType.swift */; };
		7F5574912F786B3B00081E01 /* PhysicsTile.swift in Sources */ = {isa = PBXBuildFile; fileRef = 7F5574902F786B3B00081E01 /* PhysicsTile.swift */; };
		7F5574932F786B4000081E01 /* PhysicsGameConfig.swift in Sources */ = {isa = PBXBuildFile; fileRef = 7F5574922F786B4000081E01 /* PhysicsGameConfig.swift */; };
		7F5574952F786B4500081E01 /* PhysicsTileView.swift in Sources */ = {isa = PBXBuildFile; fileRef = 7F5574942F786B4500081E01 /* PhysicsTileView.swift */; };
		7F5574972F786B4800081E01 /* PhysicsGameViewModel.swift in Sources */ = {isa = PBXBuildFile; fileRef = 7F5574962F786B4800081E01 /* PhysicsGameViewModel.swift */; };
		7F5574992F786B4C00081E01 /* PhysicsChainGameView.swift in Sources */ = {isa = PBXBuildFile; fileRef = 7F5574982F786B4C00081E01 /* PhysicsChainGameView.swift */; };
		7F55749B2F786BFC00081E01 /* PHYSICS_CHAIN_NAME_FIX_COMPLETE.md in Resources */ = {isa = PBXBuildFile; fileRef = 7F55749A2F786BFC00081E01 /* PHYSICS_CHAIN_NAME_FIX_COMPLETE.md */; };
		7F55749D2F78704300081E01 /* CONTEXT_ALIGNMENT_FIXES_SESSION_24.md in Resources */ = {isa = PBXBuildFile; fileRef = 7F55749C2F78704300081E01 /* CONTEXT_ALIGNMENT_FIXES_SESSION_24.md */; };
		7F5574A02F78722000081E01 /* MASTER_CONTEXT.md in Resources */ = {isa = PBXBuildFile; fileRef = 7F55749F2F78722000081E01 /* MASTER_CONTEXT.md */; };
		7F5574A22F7872CA00081E01 /* MATCH3_CONTEXT.md in Resources */ = {isa = PBXBuildFile; fileRef = 7F5574A12F7872CA00081E01 /* MATCH3_CONTEXT.md */; };
		7F5574A42F78748000081E01 /* PHYSICS_CONTEXT.md in Resources */ = {isa = PBXBuildFile; fileRef = 7F5574A32F78748000081E01 /* PHYSICS_CONTEXT.md */; };
		7F5574A62F78748500081E01 /* CONTEXT_REORGANIZATION_SUMMARY.md in Resources */ = {isa = PBXBuildFile; fileRef = 7F5574A52F78748500081E01 /* CONTEXT_REORGANIZATION_SUMMARY.md */; };
		7F834F0E2F688ED9006885AF /* anim-helper-guidebook.md in Resources */ = {isa = PBXBuildFile; fileRef = 7F834F0D2F688ED9006885AF /* anim-helper-guidebook.md */; };
		7F86C3822F707B2D00DC5759 /* DEBUG_MODE_GUIDE.md in Resources */ = {isa = PBXBuildFile; fileRef = 7F86C3772F707B2D00DC5759 /* DEBUG_MODE_GUIDE.md */; };
		7F86C3832F707B2D00DC5759 /* HAPTIC_CUSTOMIZATION_GUIDE.md in Resources */ = {isa = PBXBuildFile; fileRef = 7F86C3782F707B2D00DC5759 /* HAPTIC_CUSTOMIZATION_GUIDE.md */; };
		7F86C3AD2F70A47900DC5759 /* BattleMechanicsConfig.swift in Sources */ = {isa = PBXBuildFile; fileRef = 7F86C3AC2F70A47900DC5759 /* BattleMechanicsConfig.swift */; };
		7F86C3AF2F70E60A00DC5759 /* SESSION_SUMMARY_MARCH_22_2026.md in Resources */ = {isa = PBXBuildFile; fileRef = 7F86C3AE2F70E60A00DC5759 /* SESSION_SUMMARY_MARCH_22_2026.md */; };
		7F86C3B22F70F46F00DC5759 /* GEM_CLEAR_EFFECTS_GUIDE.md in Resources */ = {isa = PBXBuildFile; fileRef = 7F86C3B12F70F46F00DC5759 /* GEM_CLEAR_EFFECTS_GUIDE.md */; };
		7FB075392F5D2FD300BD0591 /* BoardManager.swift in Sources */ = {isa = PBXBuildFile; fileRef = 7FB075322F5D2A5800BD0591 /* BoardManager.swift */; };
		7FB0753A2F5D2FDD00BD0591 /* BattleManager.swift in Sources */ = {isa = PBXBuildFile; fileRef = 7FB075312F5D2A5600BD0591 /* BattleManager.swift */; };
		7FB0753B2F5D2FE200BD0591 /* GameViewModel.swift in Sources */ = {isa = PBXBuildFile; fileRef = 7FB075332F5D2A6F00BD0591 /* GameViewModel.swift */; };
		7FB0753C2F5D2FE800BD0591 /* BattleSceneView.swift in Sources */ = {isa = PBXBuildFile; fileRef = 7FB075372F5D2AA200BD0591 /* BattleSceneView.swift */; };
		7FB0753D2F5D2FED00BD0591 /* GameBoardView.swift in Sources */ = {isa = PBXBuildFile; fileRef = 7FB075362F5D2AA000BD0591 /* GameBoardView.swift */; };
		7FB0753E2F5D2FF100BD0591 /* GameHUDview.swift in Sources */ = {isa = PBXBuildFile; fileRef = 7FB075352F5D2A9E00BD0591 /* GameHUDview.swift */; };
		7FB0753F2F5D2FF600BD0591 /* GameOverView.swift in Sources */ = {isa = PBXBuildFile; fileRef = 7FB075342F5D2A9C00BD0591 /* GameOverView.swift */; };
		7FB075402F5D2FFA00BD0591 /* AnimationHelpers.swift in Sources */ = {isa = PBXBuildFile; fileRef = 7FB075382F5D2B6B00BD0591 /* AnimationHelpers.swift */; };
		7FB075412F5D300100BD0591 /* BattleEvent.swift in Sources */ = {isa = PBXBuildFile; fileRef = 7FB0752E2F5D29DC00BD0591 /* BattleEvent.swift */; };
		7FB075422F5D300100BD0591 /* GameAssets.swift in Sources */ = {isa = PBXBuildFile; fileRef = 7FB0752D2F5D29D800BD0591 /* GameAssets.swift */; };
		7FB075432F5D300100BD0591 /* Character.swift in Sources */ = {isa = PBXBuildFile; fileRef = 7FB0752F2F5D29DF00BD0591 /* Character.swift */; };
		7FB075442F5D300100BD0591 /* TileType.swift in Sources */ = {isa = PBXBuildFile; fileRef = 7FB075302F5D29E100BD0591 /* TileType.swift */; };
		7FB075492F5D5B0300BD0591 /* TitleScreenView.swift in Sources */ = {isa = PBXBuildFile; fileRef = 7FB075482F5D5B0300BD0591 /* TitleScreenView.swift */; };
		7FB075E82F5E95EB00BD0591 /* Ability.swift in Sources */ = {isa = PBXBuildFile; fileRef = 7FB075E72F5E95EB00BD0591 /* Ability.swift */; };
		7FB075EA2F5EA7EE00BD0591 /* MapScreenView.swift in Sources */ = {isa = PBXBuildFile; fileRef = 7FB075E92F5EA7EE00BD0591 /* MapScreenView.swift */; };
		7FB075EC2F5EB3C500BD0591 /* FontExtensions.swift in Sources */ = {isa = PBXBuildFile; fileRef = 7FB075EB2F5EB3C500BD0591 /* FontExtensions.swift */; };
		7FB075F62F5FE76A00BD0591 /* AI_CONTEXT.md in Resources */ = {isa = PBXBuildFile; fileRef = 7FB075F52F5FE76A00BD0591 /* AI_CONTEXT.md */; };
/* End PBXBuildFile section */

/* Begin PBXFileReference section */
		7F00948E2F691AB100E10AEB /* CASCADE_ANIMATION_SUMMARY.md */ = {isa = PBXFileReference; lastKnownFileType = net.daringfireball.markdown; path = CASCADE_ANIMATION_SUMMARY.md; sourceTree = "<group>"; };
		7F0094902F691C1E00E10AEB /* REVERT_POINT_spawn_in_place.md */ = {isa = PBXFileReference; lastKnownFileType = net.daringfireball.markdown; path = REVERT_POINT_spawn_in_place.md; sourceTree = "<group>"; };
		7F0094A02F6922CC00E10AEB /* GRAVITY_CASCADE_FIX.md */ = {isa = PBXFileReference; lastKnownFileType = net.daringfireball.markdown; path = GRAVITY_CASCADE_FIX.md; sourceTree = "<group>"; };
		7F0094A22F69247F00E10AEB /* GridPosition.swift */ = {isa = PBXFileReference; lastKnownFileType = sourcecode.swift; path = GridPosition.swift; sourceTree = "<group>"; };
		7F0094A42F6926B200E10AEB /* GameMode.swift */ = {isa = PBXFileReference; lastKnownFileType = sourcecode.swift; path = GameMode.swift; sourceTree = "<group>"; };
		7F0094A62F6926BE00E10AEB /* ChainInputHandler2.swift */ = {isa = PBXFileReference; lastKnownFileType = sourcecode.swift; path = ChainInputHandler2.swift; sourceTree = "<group>"; };
		7F0094D82F6A4D4600E10AEB /* context_cascade.md */ = {isa = PBXFileReference; lastKnownFileType = net.daringfireball.markdown; path = context_cascade.md; sourceTree = "<group>"; };
		7F0094DA2F6A5B1600E10AEB /* ChainVisualConfig.swift */ = {isa = PBXFileReference; lastKnownFileType = sourcecode.swift; path = ChainVisualConfig.swift; sourceTree = "<group>"; };
		7F0094DC2F6B717800E10AEB /* recreate_gatcha.md */ = {isa = PBXFileReference; lastKnownFileType = net.daringfireball.markdown; path = recreate_gatcha.md; sourceTree = "<group>"; };
		7F0094DE2F6B71F200E10AEB /* HAPTICS_INTEGRATION_SUMMARY.md */ = {isa = PBXFileReference; lastKnownFileType = net.daringfireball.markdown; path = HAPTICS_INTEGRATION_SUMMARY.md; sourceTree = "<group>"; };
		7F0094E02F6BA4E200E10AEB /* DeveloperSplashView.swift */ = {isa = PBXFileReference; lastKnownFileType = sourcecode.swift; path = DeveloperSplashView.swift; sourceTree = "<group>"; };
		7F0094E42F6CEDE900E10AEB /* RESPONSIVE_GAMEPLAY_CHANGES.md */ = {isa = PBXFileReference; lastKnownFileType = net.daringfireball.markdown; path = RESPONSIVE_GAMEPLAY_CHANGES.md; sourceTree = "<group>"; };
		7F0094E62F6CF7F400E10AEB /* blocking_nonblocking.md */ = {isa = PBXFileReference; lastKnownFileType = net.daringfireball.markdown; path = blocking_nonblocking.md; sourceTree = "<group>"; };
		7F0094E82F6CF7FA00E10AEB /* chat_transcript.txt */ = {isa = PBXFileReference; lastKnownFileType = text; path = chat_transcript.txt; sourceTree = "<group>"; };
		7F0094EC2F6E2B1D00E10AEB /* blocking_nonblocking 2.md */ = {isa = PBXFileReference; lastKnownFileType = net.daringfireball.markdown; path = "blocking_nonblocking 2.md"; sourceTree = "<group>"; };
		7F0094EE2F6E375B00E10AEB /* BonusTileConfig.swift */ = {isa = PBXFileReference; lastKnownFileType = sourcecode.swift; path = BonusTileConfig.swift; sourceTree = "<group>"; };
		7F0094F02F6E384C00E10AEB /* DebugMenuView.swift */ = {isa = PBXFileReference; lastKnownFileType = sourcecode.swift; path = DebugMenuView.swift; sourceTree = "<group>"; };
		7F00950E2F6E52C600E10AEB /* BonusBlastEffects.swift */ = {isa = PBXFileReference; lastKnownFileType = sourcecode.swift; path = BonusBlastEffects.swift; sourceTree = "<group>"; };
		7F0095102F6E580800E10AEB /* BONUS_BLAST_PNG_SPECS.md */ = {isa = PBXFileReference; lastKnownFileType = net.daringfireball.markdown; path = BONUS_BLAST_PNG_SPECS.md; sourceTree = "<group>"; };
		7F00952A2F6F42A100E10AEB /* SESSION_14_ANIMATION_PRIORITY_TRANSCRIPT.md */ = {isa = PBXFileReference; lastKnownFileType = net.daringfireball.markdown; path = SESSION_14_ANIMATION_PRIORITY_TRANSCRIPT.md; sourceTree = "<group>"; };
		7F00952E2F6F47CC00E10AEB /* SESSION_14_QUICK_STATUS.md */ = {isa = PBXFileReference; lastKnownFileType = net.daringfireball.markdown; path = SESSION_14_QUICK_STATUS.md; sourceTree = "<group>"; };
		7F0095302F6F48BC00E10AEB /* SESSION_14_PORTRAIT_FIX_COMPLETE.md */ = {isa = PBXFileReference; lastKnownFileType = net.daringfireball.markdown; path = SESSION_14_PORTRAIT_FIX_COMPLETE.md; sourceTree = "<group>"; };
		7F0095342F6F50C100E10AEB /* PORTRAIT_FIX_FINAL_TEST.md */ = {isa = PBXFileReference; lastKnownFileType = net.daringfireball.markdown; path = PORTRAIT_FIX_FINAL_TEST.md; sourceTree = "<group>"; };
		7F0095362F6F50C500E10AEB /* QUICK_TEST_GUIDE.md */ = {isa = PBXFileReference; lastKnownFileType = net.daringfireball.markdown; path = QUICK_TEST_GUIDE.md; sourceTree = "<group>"; };
		7F0095382F6F66C500E10AEB /* final_charactersystem_WORKING-ramp.md */ = {isa = PBXFileReference; lastKnownFileType = net.daringfireball.markdown; path = "final_charactersystem_WORKING-ramp.md"; sourceTree = "<group>"; };
		7F2E278D2F6289A600FE7B0E /* ChainComboEfffects.swift */ = {isa = PBXFileReference; lastKnownFileType = sourcecode.swift; path = ChainComboEfffects.swift; sourceTree = "<group>"; };
		7F31244E2F7249A200316079 /* POISON_PILL_SYSTEM.md */ = {isa = PBXFileReference; lastKnownFileType = net.daringfireball.markdown; path = POISON_PILL_SYSTEM.md; sourceTree = "<group>"; };
		7F3124502F7249C000316079 /* POISON_PILL_COMPLETE.md */ = {isa = PBXFileReference; lastKnownFileType = net.daringfireball.markdown; path = POISON_PILL_COMPLETE.md; sourceTree = "<group>"; };
		7F3124522F724C1200316079 /* POISON_PILL_CONTEXT_FOR_NEXT_SESSION.md */ = {isa = PBXFileReference; lastKnownFileType = net.daringfireball.markdown; path = POISON_PILL_CONTEXT_FOR_NEXT_SESSION.md; sourceTree = "<group>"; };
		7F3124542F72513B00316079 /* PoisonPillScreenEffect.swift */ = {isa = PBXFileReference; lastKnownFileType = sourcecode.swift; path = PoisonPillScreenEffect.swift; sourceTree = "<group>"; };
		7F55742C2F735C9800081E01 /* SESSION_SUMMARY.md */ = {isa = PBXFileReference; lastKnownFileType = net.daringfireball.markdown; path = SESSION_SUMMARY.md; sourceTree = "<group>"; };
		7F55742E2F742F3700081E01 /* SESSION_15_SWIPE_TAP_GESTURE_FIX.md */ = {isa = PBXFileReference; lastKnownFileType = net.daringfireball.markdown; path = SESSION_15_SWIPE_TAP_GESTURE_FIX.md; sourceTree = "<group>"; };
		7F55745A2F74E63C00081E01 /* GAME_PLANNING_TAVERN_TSUM_MATCH.md */ = {isa = PBXFileReference; lastKnownFileType = net.daringfireball.markdown; path = GAME_PLANNING_TAVERN_TSUM_MATCH.md; sourceTree = "<group>"; };
		7F55745F2F77865000081E01 /* CharacterAnimations.swift */ = {isa = PBXFileReference; lastKnownFileType = sourcecode.swift; path = CharacterAnimations.swift; sourceTree = "<group>"; };
		7F5574602F77865000081E01 /* Match3ContentView.swift */ = {isa = PBXFileReference; lastKnownFileType = sourcecode.swift; path = Match3ContentView.swift; sourceTree = "<group>"; };
		7F5574612F77865000081E01 /* HapticManager.swift */ = {isa = PBXFileReference; lastKnownFileType = sourcecode.swift; path = HapticManager.swift; sourceTree = "<group>"; };
		7F5574742F785BA700081E01 /* STRUCTURE_CONTEXT.md */ = {isa = PBXFileReference; lastKnownFileType = net.daringfireball.markdown; path = STRUCTURE_CONTEXT.md; sourceTree = "<group>"; };
		7F55748A2F7867E500081E01 /* PHYSICS_CHAIN_GAME_COMPLETE.md */ = {isa = PBXFileReference; lastKnownFileType = net.daringfireball.markdown; path = PHYSICS_CHAIN_GAME_COMPLETE.md; sourceTree = "<group>"; };
		7F55748C2F7867EE00081E01 /* QUICK_START_PHYSICS_CHAIN.md */ = {isa = PBXFileReference; lastKnownFileType = net.daringfireball.markdown; path = QUICK_START_PHYSICS_CHAIN.md; sourceTree = "<group>"; };
		7F55748E2F786B2A00081E01 /* PhysicsTileType.swift */ = {isa = PBXFileReference; lastKnownFileType = sourcecode.swift; path = PhysicsTileType.swift; sourceTree = "<group>"; };
		7F5574902F786B3B00081E01 /* PhysicsTile.swift */ = {isa = PBXFileReference; lastKnownFileType = sourcecode.swift; path = PhysicsTile.swift; sourceTree = "<group>"; };
		7F5574922F786B4000081E01 /* PhysicsGameConfig.swift */ = {isa = PBXFileReference; lastKnownFileType = sourcecode.swift; path = PhysicsGameConfig.swift; sourceTree = "<group>"; };
		7F5574942F786B4500081E01 /* PhysicsTileView.swift */ = {isa = PBXFileReference; lastKnownFileType = sourcecode.swift; path = PhysicsTileView.swift; sourceTree = "<group>"; };
		7F5574962F786B4800081E01 /* PhysicsGameViewModel.swift */ = {isa = PBXFileReference; lastKnownFileType = sourcecode.swift; path = PhysicsGameViewModel.swift; sourceTree = "<group>"; };
		7F5574982F786B4C00081E01 /* PhysicsChainGameView.swift */ = {isa = PBXFileReference; lastKnownFileType = sourcecode.swift; path = PhysicsChainGameView.swift; sourceTree = "<group>"; };
		7F55749A2F786BFC00081E01 /* PHYSICS_CHAIN_NAME_FIX_COMPLETE.md */ = {isa = PBXFileReference; lastKnownFileType = net.daringfireball.markdown; path = PHYSICS_CHAIN_NAME_FIX_COMPLETE.md; sourceTree = "<group>"; };
		7F55749C2F78704300081E01 /* CONTEXT_ALIGNMENT_FIXES_SESSION_24.md */ = {isa = PBXFileReference; lastKnownFileType = net.daringfireball.markdown; path = CONTEXT_ALIGNMENT_FIXES_SESSION_24.md; sourceTree = "<group>"; };
		7F55749F2F78722000081E01 /* MASTER_CONTEXT.md */ = {isa = PBXFileReference; lastKnownFileType = net.daringfireball.markdown; path = MASTER_CONTEXT.md; sourceTree = "<group>"; };
		7F5574A12F7872CA00081E01 /* MATCH3_CONTEXT.md */ = {isa = PBXFileReference; lastKnownFileType = net.daringfireball.markdown; path = MATCH3_CONTEXT.md; sourceTree = "<group>"; };
		7F5574A32F78748000081E01 /* PHYSICS_CONTEXT.md */ = {isa = PBXFileReference; lastKnownFileType = net.daringfireball.markdown; path = PHYSICS_CONTEXT.md; sourceTree = "<group>"; };
		7F5574A52F78748500081E01 /* CONTEXT_REORGANIZATION_SUMMARY.md */ = {isa = PBXFileReference; lastKnownFileType = net.daringfireball.markdown; path = CONTEXT_REORGANIZATION_SUMMARY.md; sourceTree = "<group>"; };
		7F834F0D2F688ED9006885AF /* anim-helper-guidebook.md */ = {isa = PBXFileReference; lastKnownFileType = net.daringfireball.markdown; path = "anim-helper-guidebook.md"; sourceTree = "<group>"; };
		7F86C3772F707B2D00DC5759 /* DEBUG_MODE_GUIDE.md */ = {isa = PBXFileReference; lastKnownFileType = net.daringfireball.markdown; path = DEBUG_MODE_GUIDE.md; sourceTree = "<group>"; };
		7F86C3782F707B2D00DC5759 /* HAPTIC_CUSTOMIZATION_GUIDE.md */ = {isa = PBXFileReference; lastKnownFileType = net.daringfireball.markdown; path = HAPTIC_CUSTOMIZATION_GUIDE.md; sourceTree = "<group>"; };
		7F86C3AC2F70A47900DC5759 /* BattleMechanicsConfig.swift */ = {isa = PBXFileReference; lastKnownFileType = sourcecode.swift; path = BattleMechanicsConfig.swift; sourceTree = "<group>"; };
		7F86C3AE2F70E60A00DC5759 /* SESSION_SUMMARY_MARCH_22_2026.md */ = {isa = PBXFileReference; lastKnownFileType = net.daringfireball.markdown; path = SESSION_SUMMARY_MARCH_22_2026.md; sourceTree = "<group>"; };
		7F86C3B12F70F46F00DC5759 /* GEM_CLEAR_EFFECTS_GUIDE.md */ = {isa = PBXFileReference; lastKnownFileType = net.daringfireball.markdown; path = GEM_CLEAR_EFFECTS_GUIDE.md; sourceTree = "<group>"; };
		7FB0751A2F5D219B00BD0591 /* OverQuestMatch3.app */ = {isa = PBXFileReference; explicitFileType = wrapper.application; includeInIndex = 0; path = OverQuestMatch3.app; sourceTree = BUILT_PRODUCTS_DIR; };
		7FB0752D2F5D29D800BD0591 /* GameAssets.swift */ = {isa = PBXFileReference; lastKnownFileType = sourcecode.swift; path = GameAssets.swift; sourceTree = "<group>"; };
		7FB0752E2F5D29DC00BD0591 /* BattleEvent.swift */ = {isa = PBXFileReference; lastKnownFileType = sourcecode.swift; path = BattleEvent.swift; sourceTree = "<group>"; };
		7FB0752F2F5D29DF00BD0591 /* Character.swift */ = {isa = PBXFileReference; lastKnownFileType = sourcecode.swift; path = Character.swift; sourceTree = "<group>"; };
		7FB075302F5D29E100BD0591 /* TileType.swift */ = {isa = PBXFileReference; lastKnownFileType = sourcecode.swift; path = TileType.swift; sourceTree = "<group>"; };
		7FB075312F5D2A5600BD0591 /* BattleManager.swift */ = {isa = PBXFileReference; lastKnownFileType = sourcecode.swift; path = BattleManager.swift; sourceTree = "<group>"; };
		7FB075322F5D2A5800BD0591 /* BoardManager.swift */ = {isa = PBXFileReference; lastKnownFileType = sourcecode.swift; path = BoardManager.swift; sourceTree = "<group>"; };
		7FB075332F5D2A6F00BD0591 /* GameViewModel.swift */ = {isa = PBXFileReference; lastKnownFileType = sourcecode.swift; path = GameViewModel.swift; sourceTree = "<group>"; };
		7FB075342F5D2A9C00BD0591 /* GameOverView.swift */ = {isa = PBXFileReference; lastKnownFileType = sourcecode.swift; path = GameOverView.swift; sourceTree = "<group>"; };
		7FB075352F5D2A9E00BD0591 /* GameHUDview.swift */ = {isa = PBXFileReference; lastKnownFileType = sourcecode.swift; path = GameHUDview.swift; sourceTree = "<group>"; };
		7FB075362F5D2AA000BD0591 /* GameBoardView.swift */ = {isa = PBXFileReference; lastKnownFileType = sourcecode.swift; path = GameBoardView.swift; sourceTree = "<group>"; };
		7FB075372F5D2AA200BD0591 /* BattleSceneView.swift */ = {isa = PBXFileReference; lastKnownFileType = sourcecode.swift; path = BattleSceneView.swift; sourceTree = "<group>"; };
		7FB075382F5D2B6B00BD0591 /* AnimationHelpers.swift */ = {isa = PBXFileReference; lastKnownFileType = sourcecode.swift; path = AnimationHelpers.swift; sourceTree = "<group>"; };
		7FB075482F5D5B0300BD0591 /* TitleScreenView.swift */ = {isa = PBXFileReference; lastKnownFileType = sourcecode.swift; path = TitleScreenView.swift; sourceTree = "<group>"; };
		7FB075E72F5E95EB00BD0591 /* Ability.swift */ = {isa = PBXFileReference; lastKnownFileType = sourcecode.swift; path = Ability.swift; sourceTree = "<group>"; };
		7FB075E92F5EA7EE00BD0591 /* MapScreenView.swift */ = {isa = PBXFileReference; lastKnownFileType = sourcecode.swift; path = MapScreenView.swift; sourceTree = "<group>"; };
		7FB075EB2F5EB3C500BD0591 /* FontExtensions.swift */ = {isa = PBXFileReference; lastKnownFileType = sourcecode.swift; path = FontExtensions.swift; sourceTree = "<group>"; };
		7FB075F52F5FE76A00BD0591 /* AI_CONTEXT.md */ = {isa = PBXFileReference; lastKnownFileType = net.daringfireball.markdown; path = AI_CONTEXT.md; sourceTree = "<group>"; };
/* End PBXFileReference section */

/* Begin PBXFileSystemSynchronizedBuildFileExceptionSet section */
		7FB075F02F5EB55400BD0591 /* Exceptions for "OverQuestMatch3" folder in "OverQuestMatch3" target */ = {
			isa = PBXFileSystemSynchronizedBuildFileExceptionSet;
			membershipExceptions = (
				Info.plist,
			);
			target = 7FB075192F5D219B00BD0591 /* OverQuestMatch3 */;
		};
/* End PBXFileSystemSynchronizedBuildFileExceptionSet section */

/* Begin PBXFileSystemSynchronizedRootGroup section */
		7FB0751C2F5D219B00BD0591 /* OverQuestMatch3 */ = {
			isa = PBXFileSystemSynchronizedRootGroup;
			exceptions = (
				7FB075F02F5EB55400BD0591 /* Exceptions for "OverQuestMatch3" folder in "OverQuestMatch3" target */,
			);
			path = OverQuestMatch3;
			sourceTree = "<group>";
		};
/* End PBXFileSystemSynchronizedRootGroup section */

/* Begin PBXFrameworksBuildPhase section */
		7FB075172F5D219B00BD0591 /* Frameworks */ = {
			isa = PBXFrameworksBuildPhase;
			buildActionMask = 2147483647;
			files = (
			);
			runOnlyForDeploymentPostprocessing = 0;
		};
/* End PBXFrameworksBuildPhase section */

/* Begin PBXGroup section */
		7F5574762F785BBC00081E01 /* Match3​Game */ = {
			isa = PBXGroup;
			children = (
				7FB075322F5D2A5800BD0591 /* BoardManager.swift */,
				7FB075312F5D2A5600BD0591 /* BattleManager.swift */,
				7FB075332F5D2A6F00BD0591 /* GameViewModel.swift */,
				7FB075372F5D2AA200BD0591 /* BattleSceneView.swift */,
				7FB075362F5D2AA000BD0591 /* GameBoardView.swift */,
				7FB075352F5D2A9E00BD0591 /* GameHUDview.swift */,
				7FB075342F5D2A9C00BD0591 /* GameOverView.swift */,
				7F0094A42F6926B200E10AEB /* GameMode.swift */,
				7F00950E2F6E52C600E10AEB /* BonusBlastEffects.swift */,
				7FB075302F5D29E100BD0591 /* TileType.swift */,
				7FB0752E2F5D29DC00BD0591 /* BattleEvent.swift */,
				7F0094EE2F6E375B00E10AEB /* BonusTileConfig.swift */,
				7F0094DA2F6A5B1600E10AEB /* ChainVisualConfig.swift */,
				7F2E278D2F6289A600FE7B0E /* ChainComboEfffects.swift */,
				7FB075E72F5E95EB00BD0591 /* Ability.swift */,
				7F0094A62F6926BE00E10AEB /* ChainInputHandler2.swift */,
				7F3124542F72513B00316079 /* PoisonPillScreenEffect.swift */,
				7F0094F02F6E384C00E10AEB /* DebugMenuView.swift */,
				7F5574602F77865000081E01 /* Match3ContentView.swift */,
			);
			path = "Match3​Game";
			sourceTree = "<group>";
		};
		7F5574772F785BD200081E01 /* Shared */ = {
			isa = PBXGroup;
			children = (
				7FB0752F2F5D29DF00BD0591 /* Character.swift */,
				7FB0752D2F5D29D800BD0591 /* GameAssets.swift */,
				7F86C3AC2F70A47900DC5759 /* BattleMechanicsConfig.swift */,
				7F55745F2F77865000081E01 /* CharacterAnimations.swift */,
				7F5574612F77865000081E01 /* HapticManager.swift */,
			);
			path = Shared;
			sourceTree = "<group>";
		};
		7F5574782F785BF000081E01 /* PhysicsChainGame */ = {
			isa = PBXGroup;
			children = (
				7F55748E2F786B2A00081E01 /* PhysicsTileType.swift */,
				7F5574902F786B3B00081E01 /* PhysicsTile.swift */,
				7F5574922F786B4000081E01 /* PhysicsGameConfig.swift */,
				7F5574942F786B4500081E01 /* PhysicsTileView.swift */,
				7F5574962F786B4800081E01 /* PhysicsGameViewModel.swift */,
				7F5574982F786B4C00081E01 /* PhysicsChainGameView.swift */,
				7F55749A2F786BFC00081E01 /* PHYSICS_CHAIN_NAME_FIX_COMPLETE.md */,
			);
			path = PhysicsChainGame;
			sourceTree = "<group>";
		};
		7F5574792F785BFC00081E01 /* CookingGame */ = {
			isa = PBXGroup;
			children = (
			);
			path = CookingGame;
			sourceTree = "<group>";
		};
		7F55747C2F785C1000081E01 /* Navigation */ = {
			isa = PBXGroup;
			children = (
			);
			path = Navigation;
			sourceTree = "<group>";
		};
		7F55747D2F785C8C00081E01 /* PotionSolitaireGame */ = {
			isa = PBXGroup;
			children = (
			);
			path = PotionSolitaireGame;
			sourceTree = "<group>";
		};
		7F55749E2F78708C00081E01 /* ArchiveDocs_DONOTREAD */ = {
			isa = PBXGroup;
			children = (
				7F55748A2F7867E500081E01 /* PHYSICS_CHAIN_GAME_COMPLETE.md */,
				7F55748C2F7867EE00081E01 /* QUICK_START_PHYSICS_CHAIN.md */,
			);
			path = ArchiveDocs_DONOTREAD;
			sourceTree = "<group>";
		};
		7F86C3B02F70EA9400DC5759 /* ReadFilesForContext */ = {
			isa = PBXGroup;
			children = (
				7F0094DE2F6B71F200E10AEB /* HAPTICS_INTEGRATION_SUMMARY.md */,
				7F0094E42F6CEDE900E10AEB /* RESPONSIVE_GAMEPLAY_CHANGES.md */,
				7F00952A2F6F42A100E10AEB /* SESSION_14_ANIMATION_PRIORITY_TRANSCRIPT.md */,
				7F00952E2F6F47CC00E10AEB /* SESSION_14_QUICK_STATUS.md */,
				7F00948E2F691AB100E10AEB /* CASCADE_ANIMATION_SUMMARY.md */,
				7F0094902F691C1E00E10AEB /* REVERT_POINT_spawn_in_place.md */,
				7F0094A02F6922CC00E10AEB /* GRAVITY_CASCADE_FIX.md */,
				7F0094D82F6A4D4600E10AEB /* context_cascade.md */,
				7F0095102F6E580800E10AEB /* BONUS_BLAST_PNG_SPECS.md */,
				7F0095342F6F50C100E10AEB /* PORTRAIT_FIX_FINAL_TEST.md */,
				7F0095362F6F50C500E10AEB /* QUICK_TEST_GUIDE.md */,
				7F0095302F6F48BC00E10AEB /* SESSION_14_PORTRAIT_FIX_COMPLETE.md */,
				7F0095382F6F66C500E10AEB /* final_charactersystem_WORKING-ramp.md */,
				7F86C3AE2F70E60A00DC5759 /* SESSION_SUMMARY_MARCH_22_2026.md */,
				7F834F0D2F688ED9006885AF /* anim-helper-guidebook.md */,
				7F0094DC2F6B717800E10AEB /* recreate_gatcha.md */,
				7F0094E62F6CF7F400E10AEB /* blocking_nonblocking.md */,
				7F0094E82F6CF7FA00E10AEB /* chat_transcript.txt */,
				7F0094EC2F6E2B1D00E10AEB /* blocking_nonblocking 2.md */,
				7F86C3772F707B2D00DC5759 /* DEBUG_MODE_GUIDE.md */,
				7F86C3782F707B2D00DC5759 /* HAPTIC_CUSTOMIZATION_GUIDE.md */,
				7F86C3B12F70F46F00DC5759 /* GEM_CLEAR_EFFECTS_GUIDE.md */,
				7F3124522F724C1200316079 /* POISON_PILL_CONTEXT_FOR_NEXT_SESSION.md */,
				7F55742C2F735C9800081E01 /* SESSION_SUMMARY.md */,
				7F31244E2F7249A200316079 /* POISON_PILL_SYSTEM.md */,
				7F3124502F7249C000316079 /* POISON_PILL_COMPLETE.md */,
				7F55742E2F742F3700081E01 /* SESSION_15_SWIPE_TAP_GESTURE_FIX.md */,
				7F5574742F785BA700081E01 /* STRUCTURE_CONTEXT.md */,
				7F55749C2F78704300081E01 /* CONTEXT_ALIGNMENT_FIXES_SESSION_24.md */,
			);
			path = ReadFilesForContext;
			sourceTree = "<group>";
		};
		7FB075112F5D219B00BD0591 = {
			isa = PBXGroup;
			children = (
				7F55749E2F78708C00081E01 /* ArchiveDocs_DONOTREAD */,
				7F55747D2F785C8C00081E01 /* PotionSolitaireGame */,
				7F55747C2F785C1000081E01 /* Navigation */,
				7F5574792F785BFC00081E01 /* CookingGame */,
				7F5574782F785BF000081E01 /* PhysicsChainGame */,
				7F5574772F785BD200081E01 /* Shared */,
				7F5574762F785BBC00081E01 /* Match3​Game */,
				7F0094E02F6BA4E200E10AEB /* DeveloperSplashView.swift */,
				7FB075EB2F5EB3C500BD0591 /* FontExtensions.swift */,
				7FB075E92F5EA7EE00BD0591 /* MapScreenView.swift */,
				7FB075482F5D5B0300BD0591 /* TitleScreenView.swift */,
				7FB0752C2F5D29A300BD0591 /* Logic */,
				7FB0752B2F5D29A100BD0591 /* ViewModels */,
				7FB0752A2F5D299E00BD0591 /* Views */,
				7FB075292F5D299400BD0591 /* Utilities */,
				7FB075282F5D298200BD0591 /* Models */,
				7FB0751C2F5D219B00BD0591 /* OverQuestMatch3 */,
				7FB0751B2F5D219B00BD0591 /* Products */,
				7FB075F52F5FE76A00BD0591 /* AI_CONTEXT.md */,
				7F55745A2F74E63C00081E01 /* GAME_PLANNING_TAVERN_TSUM_MATCH.md */,
				7F86C3B02F70EA9400DC5759 /* ReadFilesForContext */,
				7F55749F2F78722000081E01 /* MASTER_CONTEXT.md */,
				7F5574A12F7872CA00081E01 /* MATCH3_CONTEXT.md */,
				7F5574A32F78748000081E01 /* PHYSICS_CONTEXT.md */,
				7F5574A52F78748500081E01 /* CONTEXT_REORGANIZATION_SUMMARY.md */,
			);
			sourceTree = "<group>";
		};
		7FB0751B2F5D219B00BD0591 /* Products */ = {
			isa = PBXGroup;
			children = (
				7FB0751A2F5D219B00BD0591 /* OverQuestMatch3.app */,
			);
			name = Products;
			sourceTree = "<group>";
		};
		7FB075282F5D298200BD0591 /* Models */ = {
			isa = PBXGroup;
			children = (
			);
			path = Models;
			sourceTree = "<group>";
		};
		7FB075292F5D299400BD0591 /* Utilities */ = {
			isa = PBXGroup;
			children = (
				7FB075382F5D2B6B00BD0591 /* AnimationHelpers.swift */,
			);
			path = Utilities;
			sourceTree = "<group>";
		};
		7FB0752A2F5D299E00BD0591 /* Views */ = {
			isa = PBXGroup;
			children = (
			);
			path = Views;
			sourceTree = "<group>";
		};
		7FB0752B2F5D29A100BD0591 /* ViewModels */ = {
			isa = PBXGroup;
			children = (
				7F0094A22F69247F00E10AEB /* GridPosition.swift */,
			);
			path = ViewModels;
			sourceTree = "<group>";
		};
		7FB0752C2F5D29A300BD0591 /* Logic */ = {
			isa = PBXGroup;
			children = (
			);
			path = Logic;
			sourceTree = "<group>";
		};
/* End PBXGroup section */

/* Begin PBXNativeTarget section */
		7FB075192F5D219B00BD0591 /* OverQuestMatch3 */ = {
			isa = PBXNativeTarget;
			buildConfigurationList = 7FB075252F5D219C00BD0591 /* Build configuration list for PBXNativeTarget "OverQuestMatch3" */;
			buildPhases = (
				7FB075162F5D219B00BD0591 /* Sources */,
				7FB075172F5D219B00BD0591 /* Frameworks */,
				7FB075182F5D219B00BD0591 /* Resources */,
			);
			buildRules = (
			);
			dependencies = (
			);
			fileSystemSynchronizedGroups = (
				7FB0751C2F5D219B00BD0591 /* OverQuestMatch3 */,
			);
			name = OverQuestMatch3;
			packageProductDependencies = (
			);
			productName = OverQuestMatch3;
			productReference = 7FB0751A2F5D219B00BD0591 /* OverQuestMatch3.app */;
			productType = "com.apple.product-type.application";
		};
/* End PBXNativeTarget section */

/* Begin PBXProject section */
		7FB075122F5D219B00BD0591 /* Project object */ = {
			isa = PBXProject;
			attributes = {
				BuildIndependentTargetsInParallel = 1;
				LastSwiftUpdateCheck = 2630;
				LastUpgradeCheck = 2630;
				TargetAttributes = {
					7FB075192F5D219B00BD0591 = {
						CreatedOnToolsVersion = 26.3;
					};
				};
			};
			buildConfigurationList = 7FB075152F5D219B00BD0591 /* Build configuration list for PBXProject "OverQuestMatch3" */;
			developmentRegion = en;
			hasScannedForEncodings = 0;
			knownRegions = (
				en,
				Base,
			);
			mainGroup = 7FB075112F5D219B00BD0591;
			minimizedProjectReferenceProxies = 1;
			preferredProjectObjectVersion = 77;
			productRefGroup = 7FB0751B2F5D219B00BD0591 /* Products */;
			projectDirPath = "";
			projectRoot = "";
			targets = (
				7FB075192F5D219B00BD0591 /* OverQuestMatch3 */,
			);
		};
/* End PBXProject section */

/* Begin PBXResourcesBuildPhase section */
		7FB075182F5D219B00BD0591 /* Resources */ = {
			isa = PBXResourcesBuildPhase;
			buildActionMask = 2147483647;
			files = (
				7F0095352F6F50C100E10AEB /* PORTRAIT_FIX_FINAL_TEST.md in Resources */,
				7F0094ED2F6E2B1D00E10AEB /* blocking_nonblocking 2.md in Resources */,
				7F5574A62F78748500081E01 /* CONTEXT_REORGANIZATION_SUMMARY.md in Resources */,
				7F5574A02F78722000081E01 /* MASTER_CONTEXT.md in Resources */,
				7F0094912F691C1E00E10AEB /* REVERT_POINT_spawn_in_place.md in Resources */,
				7F0094D92F6A4D4600E10AEB /* context_cascade.md in Resources */,
				7F55749B2F786BFC00081E01 /* PHYSICS_CHAIN_NAME_FIX_COMPLETE.md in Resources */,
				7F86C3AF2F70E60A00DC5759 /* SESSION_SUMMARY_MARCH_22_2026.md in Resources */,
				7F5574752F785BA700081E01 /* STRUCTURE_CONTEXT.md in Resources */,
				7F0094A12F6922CC00E10AEB /* GRAVITY_CASCADE_FIX.md in Resources */,
				7F0095112F6E580800E10AEB /* BONUS_BLAST_PNG_SPECS.md in Resources */,
				7FB075F62F5FE76A00BD0591 /* AI_CONTEXT.md in Resources */,
				7F0094DD2F6B719400E10AEB /* recreate_gatcha.md in Resources */,
				7F00952B2F6F42A100E10AEB /* SESSION_14_ANIMATION_PRIORITY_TRANSCRIPT.md in Resources */,
				7F31244F2F7249A200316079 /* POISON_PILL_SYSTEM.md in Resources */,
				7F86C3B22F70F46F00DC5759 /* GEM_CLEAR_EFFECTS_GUIDE.md in Resources */,
				7F00952F2F6F47CC00E10AEB /* SESSION_14_QUICK_STATUS.md in Resources */,
				7F0094DF2F6B71F200E10AEB /* HAPTICS_INTEGRATION_SUMMARY.md in Resources */,
				7F0094E72F6CF7F400E10AEB /* blocking_nonblocking.md in Resources */,
				7F5574A22F7872CA00081E01 /* MATCH3_CONTEXT.md in Resources */,
				7F834F0E2F688ED9006885AF /* anim-helper-guidebook.md in Resources */,
				7F86C3822F707B2D00DC5759 /* DEBUG_MODE_GUIDE.md in Resources */,
				7F86C3832F707B2D00DC5759 /* HAPTIC_CUSTOMIZATION_GUIDE.md in Resources */,
				7F0095312F6F48BC00E10AEB /* SESSION_14_PORTRAIT_FIX_COMPLETE.md in Resources */,
				7F5574A42F78748000081E01 /* PHYSICS_CONTEXT.md in Resources */,
				7F55745B2F74E63C00081E01 /* GAME_PLANNING_TAVERN_TSUM_MATCH.md in Resources */,
				7F0094E92F6CF7FA00E10AEB /* chat_transcript.txt in Resources */,
				7F0095372F6F50C500E10AEB /* QUICK_TEST_GUIDE.md in Resources */,
				7F3124532F724C1200316079 /* POISON_PILL_CONTEXT_FOR_NEXT_SESSION.md in Resources */,
				7F00948F2F691AB200E10AEB /* CASCADE_ANIMATION_SUMMARY.md in Resources */,
				7F55742D2F735C9800081E01 /* SESSION_SUMMARY.md in Resources */,
				7F55748B2F7867E500081E01 /* PHYSICS_CHAIN_GAME_COMPLETE.md in Resources */,
				7F3124512F7249C000316079 /* POISON_PILL_COMPLETE.md in Resources */,
				7F0094E52F6CEDE900E10AEB /* RESPONSIVE_GAMEPLAY_CHANGES.md in Resources */,
				7F55742F2F742F3700081E01 /* SESSION_15_SWIPE_TAP_GESTURE_FIX.md in Resources */,
				7F55749D2F78704300081E01 /* CONTEXT_ALIGNMENT_FIXES_SESSION_24.md in Resources */,
				7F0095392F6F66C500E10AEB /* final_charactersystem_WORKING-ramp.md in Resources */,
				7F55748D2F7867EE00081E01 /* QUICK_START_PHYSICS_CHAIN.md in Resources */,
			);
			runOnlyForDeploymentPostprocessing = 0;
		};
/* End PBXResourcesBuildPhase section */

/* Begin PBXSourcesBuildPhase section */
		7FB075162F5D219B00BD0591 /* Sources */ = {
			isa = PBXSourcesBuildPhase;
			buildActionMask = 2147483647;
			files = (
				7FB075392F5D2FD300BD0591 /* BoardManager.swift in Sources */,
				7FB0753A2F5D2FDD00BD0591 /* BattleManager.swift in Sources */,
				7FB075EC2F5EB3C500BD0591 /* FontExtensions.swift in Sources */,
				7FB075402F5D2FFA00BD0591 /* AnimationHelpers.swift in Sources */,
				7FB0753E2F5D2FF100BD0591 /* GameHUDview.swift in Sources */,
				7F5574952F786B4500081E01 /* PhysicsTileView.swift in Sources */,
				7F0094A32F69247F00E10AEB /* GridPosition.swift in Sources */,
				7F5574992F786B4C00081E01 /* PhysicsChainGameView.swift in Sources */,
				7F55748F2F786B2A00081E01 /* PhysicsTileType.swift in Sources */,
				7FB075412F5D300100BD0591 /* BattleEvent.swift in Sources */,
				7F0094DB2F6A5B1600E10AEB /* ChainVisualConfig.swift in Sources */,
				7F0094F12F6E384C00E10AEB /* DebugMenuView.swift in Sources */,
				7F00950F2F6E52C600E10AEB /* BonusBlastEffects.swift in Sources */,
				7F5574932F786B4000081E01 /* PhysicsGameConfig.swift in Sources */,
				7F0094EF2F6E375B00E10AEB /* BonusTileConfig.swift in Sources */,
				7F5574682F77865000081E01 /* CharacterAnimations.swift in Sources */,
				7F5574692F77865000081E01 /* Match3ContentView.swift in Sources */,
				7F55746A2F77865000081E01 /* HapticManager.swift in Sources */,
				7FB075422F5D300100BD0591 /* GameAssets.swift in Sources */,
				7FB075E82F5E95EB00BD0591 /* Ability.swift in Sources */,
				7F86C3AD2F70A47900DC5759 /* BattleMechanicsConfig.swift in Sources */,
				7F0094A72F6926BE00E10AEB /* ChainInputHandler2.swift in Sources */,
				7FB075432F5D300100BD0591 /* Character.swift in Sources */,
				7F3124552F72513B00316079 /* PoisonPillScreenEffect.swift in Sources */,
				7F5574912F786B3B00081E01 /* PhysicsTile.swift in Sources */,
				7FB075442F5D300100BD0591 /* TileType.swift in Sources */,
				7FB0753C2F5D2FE800BD0591 /* BattleSceneView.swift in Sources */,
				7FB075EA2F5EA7EE00BD0591 /* MapScreenView.swift in Sources */,
				7F2E278E2F6289A600FE7B0E /* ChainComboEfffects.swift in Sources */,
				7FB0753B2F5D2FE200BD0591 /* GameViewModel.swift in Sources */,
				7F0094E12F6BA4E200E10AEB /* DeveloperSplashView.swift in Sources */,
				7F0094A52F6926B200E10AEB /* GameMode.swift in Sources */,
				7FB0753D2F5D2FED00BD0591 /* GameBoardView.swift in Sources */,
				7F5574972F786B4800081E01 /* PhysicsGameViewModel.swift in Sources */,
				7FB0753F2F5D2FF600BD0591 /* GameOverView.swift in Sources */,
				7FB075492F5D5B0300BD0591 /* TitleScreenView.swift in Sources */,
			);
			runOnlyForDeploymentPostprocessing = 0;
		};
/* End PBXSourcesBuildPhase section */

/* Begin XCBuildConfiguration section */
		7FB075232F5D219C00BD0591 /* Debug */ = {
			isa = XCBuildConfiguration;
			buildSettings = {
				ALWAYS_SEARCH_USER_PATHS = NO;
				ASSETCATALOG_COMPILER_GENERATE_SWIFT_ASSET_SYMBOL_EXTENSIONS = YES;
				CLANG_ANALYZER_NONNULL = YES;
				CLANG_ANALYZER_NUMBER_OBJECT_CONVERSION = YES_AGGRESSIVE;
				CLANG_CXX_LANGUAGE_STANDARD = "gnu++20";
				CLANG_ENABLE_MODULES = YES;
				CLANG_ENABLE_OBJC_ARC = YES;
				CLANG_ENABLE_OBJC_WEAK = YES;
				CLANG_WARN_BLOCK_CAPTURE_AUTORELEASING = YES;
				CLANG_WARN_BOOL_CONVERSION = YES;
				CLANG_WARN_COMMA = YES;
				CLANG_WARN_CONSTANT_CONVERSION = YES;
				CLANG_WARN_DEPRECATED_OBJC_IMPLEMENTATIONS = YES;
				CLANG_WARN_DIRECT_OBJC_ISA_USAGE = YES_ERROR;
				CLANG_WARN_DOCUMENTATION_COMMENTS = YES;
				CLANG_WARN_EMPTY_BODY = YES;
				CLANG_WARN_ENUM_CONVERSION = YES;
				CLANG_WARN_INFINITE_RECURSION = YES;
				CLANG_WARN_INT_CONVERSION = YES;
				CLANG_WARN_NON_LITERAL_NULL_CONVERSION = YES;
				CLANG_WARN_OBJC_IMPLICIT_RETAIN_SELF = YES;
				CLANG_WARN_OBJC_LITERAL_CONVERSION = YES;
				CLANG_WARN_OBJC_ROOT_CLASS = YES_ERROR;
				CLANG_WARN_QUOTED_INCLUDE_IN_FRAMEWORK_HEADER = YES;
				CLANG_WARN_RANGE_LOOP_ANALYSIS = YES;
				CLANG_WARN_STRICT_PROTOTYPES = YES;
				CLANG_WARN_SUSPICIOUS_MOVE = YES;
				CLANG_WARN_UNGUARDED_AVAILABILITY = YES_AGGRESSIVE;
				CLANG_WARN_UNREACHABLE_CODE = YES;
				CLANG_WARN__DUPLICATE_METHOD_MATCH = YES;
				COPY_PHASE_STRIP = NO;
				DEBUG_INFORMATION_FORMAT = dwarf;
				DEVELOPMENT_TEAM = 2UD727W348;
				ENABLE_STRICT_OBJC_MSGSEND = YES;
				ENABLE_TESTABILITY = YES;
				ENABLE_USER_SCRIPT_SANDBOXING = YES;
				GCC_C_LANGUAGE_STANDARD = gnu17;
				GCC_DYNAMIC_NO_PIC = NO;
				GCC_NO_COMMON_BLOCKS = YES;
				GCC_OPTIMIZATION_LEVEL = 0;
				GCC_PREPROCESSOR_DEFINITIONS = (
					"DEBUG=1",
					"$(inherited)",
				);
				GCC_WARN_64_TO_32_BIT_CONVERSION = YES;
				GCC_WARN_ABOUT_RETURN_TYPE = YES_ERROR;
				GCC_WARN_UNDECLARED_SELECTOR = YES;
				GCC_WARN_UNINITIALIZED_AUTOS = YES_AGGRESSIVE;
				GCC_WARN_UNUSED_FUNCTION = YES;
				GCC_WARN_UNUSED_VARIABLE = YES;
				IPHONEOS_DEPLOYMENT_TARGET = 26.2;
				LOCALIZATION_PREFERS_STRING_CATALOGS = YES;
				MTL_ENABLE_DEBUG_INFO = INCLUDE_SOURCE;
				MTL_FAST_MATH = YES;
				ONLY_ACTIVE_ARCH = YES;
				SDKROOT = iphoneos;
				SWIFT_ACTIVE_COMPILATION_CONDITIONS = "DEBUG $(inherited)";
				SWIFT_OPTIMIZATION_LEVEL = "-Onone";
			};
			name = Debug;
		};
		7FB075242F5D219C00BD0591 /* Release */ = {
			isa = XCBuildConfiguration;
			buildSettings = {
				ALWAYS_SEARCH_USER_PATHS = NO;
				ASSETCATALOG_COMPILER_GENERATE_SWIFT_ASSET_SYMBOL_EXTENSIONS = YES;
				CLANG_ANALYZER_NONNULL = YES;
				CLANG_ANALYZER_NUMBER_OBJECT_CONVERSION = YES_AGGRESSIVE;
				CLANG_CXX_LANGUAGE_STANDARD = "gnu++20";
				CLANG_ENABLE_MODULES = YES;
				CLANG_ENABLE_OBJC_ARC = YES;
				CLANG_ENABLE_OBJC_WEAK = YES;
				CLANG_WARN_BLOCK_CAPTURE_AUTORELEASING = YES;
				CLANG_WARN_BOOL_CONVERSION = YES;
				CLANG_WARN_COMMA = YES;
				CLANG_WARN_CONSTANT_CONVERSION = YES;
				CLANG_WARN_DEPRECATED_OBJC_IMPLEMENTATIONS = YES;
				CLANG_WARN_DIRECT_OBJC_ISA_USAGE = YES_ERROR;
				CLANG_WARN_DOCUMENTATION_COMMENTS = YES;
				CLANG_WARN_EMPTY_BODY = YES;
				CLANG_WARN_ENUM_CONVERSION = YES;
				CLANG_WARN_INFINITE_RECURSION = YES;
				CLANG_WARN_INT_CONVERSION = YES;
				CLANG_WARN_NON_LITERAL_NULL_CONVERSION = YES;
				CLANG_WARN_OBJC_IMPLICIT_RETAIN_SELF = YES;
				CLANG_WARN_OBJC_LITERAL_CONVERSION = YES;
				CLANG_WARN_OBJC_ROOT_CLASS = YES_ERROR;
				CLANG_WARN_QUOTED_INCLUDE_IN_FRAMEWORK_HEADER = YES;
				CLANG_WARN_RANGE_LOOP_ANALYSIS = YES;
				CLANG_WARN_STRICT_PROTOTYPES = YES;
				CLANG_WARN_SUSPICIOUS_MOVE = YES;
				CLANG_WARN_UNGUARDED_AVAILABILITY = YES_AGGRESSIVE;
				CLANG_WARN_UNREACHABLE_CODE = YES;
				CLANG_WARN__DUPLICATE_METHOD_MATCH = YES;
				COPY_PHASE_STRIP = NO;
				DEBUG_INFORMATION_FORMAT = "dwarf-with-dsym";
				DEVELOPMENT_TEAM = 2UD727W348;
				ENABLE_NS_ASSERTIONS = NO;
				ENABLE_STRICT_OBJC_MSGSEND = YES;
				ENABLE_USER_SCRIPT_SANDBOXING = YES;
				GCC_C_LANGUAGE_STANDARD = gnu17;
				GCC_NO_COMMON_BLOCKS = YES;
				GCC_WARN_64_TO_32_BIT_CONVERSION = YES;
				GCC_WARN_ABOUT_RETURN_TYPE = YES_ERROR;
				GCC_WARN_UNDECLARED_SELECTOR = YES;
				GCC_WARN_UNINITIALIZED_AUTOS = YES_AGGRESSIVE;
				GCC_WARN_UNUSED_FUNCTION = YES;
				GCC_WARN_UNUSED_VARIABLE = YES;
				IPHONEOS_DEPLOYMENT_TARGET = 26.2;
				LOCALIZATION_PREFERS_STRING_CATALOGS = YES;
				MTL_ENABLE_DEBUG_INFO = NO;
				MTL_FAST_MATH = YES;
				SDKROOT = iphoneos;
				SWIFT_COMPILATION_MODE = wholemodule;
				VALIDATE_PRODUCT = YES;
			};
			name = Release;
		};
		7FB075262F5D219C00BD0591 /* Debug */ = {
			isa = XCBuildConfiguration;
			buildSettings = {
				ASSETCATALOG_COMPILER_APPICON_NAME = AppIcon;
				"ASSETCATALOG_COMPILER_APPICON_NAME[sdk=iphoneos*]" = AppIcon;
				ASSETCATALOG_COMPILER_GLOBAL_ACCENT_COLOR_NAME = AccentColor;
				ASSETCATALOG_COMPILER_INCLUDE_ALL_APPICON_ASSETS = YES;
				CODE_SIGN_STYLE = Automatic;
				CURRENT_PROJECT_VERSION = 1;
				DEVELOPMENT_TEAM = 2UD727W348;
				ENABLE_PREVIEWS = YES;
				GENERATE_INFOPLIST_FILE = YES;
				INFOPLIST_FILE = OverQuestMatch3/Info.plist;
				INFOPLIST_KEY_CFBundleDisplayName = "";
				INFOPLIST_KEY_LSApplicationCategoryType = "public.app-category.entertainment";
				INFOPLIST_KEY_UIApplicationSceneManifest_Generation = YES;
				INFOPLIST_KEY_UIApplicationSupportsIndirectInputEvents = YES;
				INFOPLIST_KEY_UILaunchScreen_Generation = YES;
				INFOPLIST_KEY_UISupportedInterfaceOrientations_iPad = "UIInterfaceOrientationPortrait UIInterfaceOrientationPortraitUpsideDown UIInterfaceOrientationLandscapeLeft UIInterfaceOrientationLandscapeRight";
				INFOPLIST_KEY_UISupportedInterfaceOrientations_iPhone = "UIInterfaceOrientationPortrait UIInterfaceOrientationLandscapeLeft UIInterfaceOrientationLandscapeRight";
				LD_RUNPATH_SEARCH_PATHS = (
					"$(inherited)",
					"@executable_path/Frameworks",
				);
				MARKETING_VERSION = 1.0;
				PRODUCT_BUNDLE_IDENTIFIER = ICFTD.OverQuestMatch3;
				PRODUCT_NAME = "$(TARGET_NAME)";
				STRING_CATALOG_GENERATE_SYMBOLS = YES;
				SWIFT_APPROACHABLE_CONCURRENCY = YES;
				SWIFT_DEFAULT_ACTOR_ISOLATION = MainActor;
				SWIFT_EMIT_LOC_STRINGS = YES;
				SWIFT_UPCOMING_FEATURE_MEMBER_IMPORT_VISIBILITY = YES;
				SWIFT_VERSION = 5.0;
				TARGETED_DEVICE_FAMILY = "1,2";
			};
			name = Debug;
		};
		7FB075272F5D219C00BD0591 /* Release */ = {
			isa = XCBuildConfiguration;
			buildSettings = {
				ASSETCATALOG_COMPILER_APPICON_NAME = AppIcon;
				"ASSETCATALOG_COMPILER_APPICON_NAME[sdk=iphoneos*]" = AppIcon;
				ASSETCATALOG_COMPILER_GLOBAL_ACCENT_COLOR_NAME = AccentColor;
				ASSETCATALOG_COMPILER_INCLUDE_ALL_APPICON_ASSETS = YES;
				CODE_SIGN_STYLE = Automatic;
				CURRENT_PROJECT_VERSION = 1;
				DEVELOPMENT_TEAM = 2UD727W348;
				ENABLE_PREVIEWS = YES;
				GENERATE_INFOPLIST_FILE = YES;
				INFOPLIST_FILE = OverQuestMatch3/Info.plist;
				INFOPLIST_KEY_CFBundleDisplayName = "";
				INFOPLIST_KEY_LSApplicationCategoryType = "public.app-category.entertainment";
				INFOPLIST_KEY_UIApplicationSceneManifest_Generation = YES;
				INFOPLIST_KEY_UIApplicationSupportsIndirectInputEvents = YES;
				INFOPLIST_KEY_UILaunchScreen_Generation = YES;
				INFOPLIST_KEY_UISupportedInterfaceOrientations_iPad = "UIInterfaceOrientationPortrait UIInterfaceOrientationPortraitUpsideDown UIInterfaceOrientationLandscapeLeft UIInterfaceOrientationLandscapeRight";
				INFOPLIST_KEY_UISupportedInterfaceOrientations_iPhone = "UIInterfaceOrientationPortrait UIInterfaceOrientationLandscapeLeft UIInterfaceOrientationLandscapeRight";
				LD_RUNPATH_SEARCH_PATHS = (
					"$(inherited)",
					"@executable_path/Frameworks",
				);
				MARKETING_VERSION = 1.0;
				PRODUCT_BUNDLE_IDENTIFIER = ICFTD.OverQuestMatch3;
				PRODUCT_NAME = "$(TARGET_NAME)";
				STRING_CATALOG_GENERATE_SYMBOLS = YES;
				SWIFT_APPROACHABLE_CONCURRENCY = YES;
				SWIFT_DEFAULT_ACTOR_ISOLATION = MainActor;
				SWIFT_EMIT_LOC_STRINGS = YES;
				SWIFT_UPCOMING_FEATURE_MEMBER_IMPORT_VISIBILITY = YES;
				SWIFT_VERSION = 5.0;
				TARGETED_DEVICE_FAMILY = "1,2";
			};
			name = Release;
		};
/* End XCBuildConfiguration section */

/* Begin XCConfigurationList section */
		7FB075152F5D219B00BD0591 /* Build configuration list for PBXProject "OverQuestMatch3" */ = {
			isa = XCConfigurationList;
			buildConfigurations = (
				7FB075232F5D219C00BD0591 /* Debug */,
				7FB075242F5D219C00BD0591 /* Release */,
			);
			defaultConfigurationIsVisible = 0;
			defaultConfigurationName = Release;
		};
		7FB075252F5D219C00BD0591 /* Build configuration list for PBXNativeTarget "OverQuestMatch3" */ = {
			isa = XCConfigurationList;
			buildConfigurations = (
				7FB075262F5D219C00BD0591 /* Debug */,
				7FB075272F5D219C00BD0591 /* Release */,
			);
			defaultConfigurationIsVisible = 0;
			defaultConfigurationName = Release;
		};
/* End XCConfigurationList section */
	};
	rootObject = 7FB075122F5D219B00BD0591 /* Project object */;
}
